
Microsoft Visual Studio Solution File, Format Version 12.00
Project("{FAE04EC0-301F-11D3-BF4B-00C04F79EFBC}") = "TelegramBot", "TelegramBot\TelegramBot.csproj", "{A9D197F4-2FE1-441C-B5E2-C95AC2AE00BD}"
EndProject
Project("{FAE04EC0-301F-11D3-BF4B-00C04F79EFBC}") = "OnlyPics.ApplicationCore", "OnlyPics.ApplicationCore\OnlyPics.ApplicationCore.csproj", "{DDABD29B-D1F8-4F95-B789-B1972216F0A6}"
EndProject
Global
	GlobalSection(SolutionConfigurationPlatforms) = preSolution
		Debug|Any CPU = Debug|Any CPU
		Release|Any CPU = Release|Any CPU
	EndGlobalSection
	GlobalSection(ProjectConfigurationPlatforms) = postSolution
		{A9D197F4-2FE1-441C-B5E2-C95AC2AE00BD}.Debug|Any CPU.ActiveCfg = Debug|Any CPU
		{A9D197F4-2FE1-441C-B5E2-C95AC2AE00BD}.Debug|Any CPU.Build.0 = Debug|Any CPU
		{A9D197F4-2FE1-441C-B5E2-C95AC2AE00BD}.Release|Any CPU.ActiveCfg = Release|Any CPU
		{A9D197F4-2FE1-441C-B5E2-C95AC2AE00BD}.Release|Any CPU.Build.0 = Release|Any CPU
		{DDABD29B-D1F8-4F95-B789-B1972216F0A6}.Debug|Any CPU.ActiveCfg = Debug|Any CPU
		{DDABD29B-D1F8-4F95-B789-B1972216F0A6}.Debug|Any CPU.Build.0 = Debug|Any CPU
		{DDABD29B-D1F8-4F95-B789-B1972216F0A6}.Release|Any CPU.ActiveCfg = Release|Any CPU
		{DDABD29B-D1F8-4F95-B789-B1972216F0A6}.Release|Any CPU.Build.0 = Release|Any CPU
	EndGlobalSection
EndGlobal
